
Microsoft Visual Studio Solution File, Format Version 12.00
# Visual Studio Version 17
VisualStudioVersion = 17.0.31903.59
MinimumVisualStudioVersion = 10.0.40219.1
Project("{FAE04EC0-301F-11D3-BF4B-00C04F79EFBC}") = "Seaway.Signage.Web", "src\Seaway.Signage.Web\Seaway.Signage.Web.csproj", "{A1B2C3D4-0001-4E1A-9B1A-000000000001}"
EndProject
Project("{FAE04EC0-301F-11D3-BF4B-00C04F79EFBC}") = "Seaway.Signage.SnapshotWorker", "src\Seaway.Signage.SnapshotWorker\Seaway.Signage.SnapshotWorker.csproj", "{A1B2C3D4-0002-4E1A-9B1A-000000000002}"
EndProject
Project("{FAE04EC0-301F-11D3-BF4B-00C04F79EFBC}") = "Seaway.Signage.Domain", "src\Seaway.Signage.Domain\Seaway.Signage.Domain.csproj", "{A1B2C3D4-0003-4E1A-9B1A-000000000003}"
EndProject
Project("{FAE04EC0-301F-11D3-BF4B-00C04F79EFBC}") = "Seaway.Signage.Data", "src\Seaway.Signage.Data\Seaway.Signage.Data.csproj", "{A1B2C3D4-0004-4E1A-9B1A-000000000004}"
EndProject
Project("{FAE04EC0-301F-11D3-BF4B-00C04F79EFBC}") = "Seaway.Signage.Domain.Tests", "tests\Seaway.Signage.Domain.Tests\Seaway.Signage.Domain.Tests.csproj", "{A1B2C3D4-0005-4E1A-9B1A-000000000005}"
EndProject
Project("{FAE04EC0-301F-11D3-BF4B-00C04F79EFBC}") = "Seaway.Signage.Application.Tests", "tests\Seaway.Signage.Application.Tests\Seaway.Signage.Application.Tests.csproj", "{A1B2C3D4-0006-4E1A-9B1A-000000000006}"
EndProject
Project("{FAE04EC0-301F-11D3-BF4B-00C04F79EFBC}") = "Seaway.Signage.Web.IntegrationTests", "tests\Seaway.Signage.Web.IntegrationTests\Seaway.Signage.Web.IntegrationTests.csproj", "{A1B2C3D4-0007-4E1A-9B1A-000000000007}"
EndProject
Global
	GlobalSection(SolutionConfigurationPlatforms) = preSolution
		Debug|Any CPU = Debug|Any CPU
		Release|Any CPU = Release|Any CPU
	EndGlobalSection
	GlobalSection(ProjectConfigurationPlatforms) = postSolution
		{A1B2C3D4-0001-4E1A-9B1A-000000000001}.Debug|Any CPU.ActiveCfg = Debug|Any CPU
		{A1B2C3D4-0001-4E1A-9B1A-000000000001}.Debug|Any CPU.Build.0 = Debug|Any CPU
		{A1B2C3D4-0001-4E1A-9B1A-000000000001}.Release|Any CPU.ActiveCfg = Release|Any CPU
		{A1B2C3D4-0001-4E1A-9B1A-000000000001}.Release|Any CPU.Build.0 = Release|Any CPU
		{A1B2C3D4-0002-4E1A-9B1A-000000000002}.Debug|Any CPU.ActiveCfg = Debug|Any CPU
		{A1B2C3D4-0002-4E1A-9B1A-000000000002}.Debug|Any CPU.Build.0 = Debug|Any CPU
		{A1B2C3D4-0002-4E1A-9B1A-000000000002}.Release|Any CPU.ActiveCfg = Release|Any CPU
		{A1B2C3D4-0002-4E1A-9B1A-000000000002}.Release|Any CPU.Build.0 = Release|Any CPU
		{A1B2C3D4-0003-4E1A-9B1A-000000000003}.Debug|Any CPU.ActiveCfg = Debug|Any CPU
		{A1B2C3D4-0003-4E1A-9B1A-000000000003}.Debug|Any CPU.Build.0 = Debug|Any CPU
		{A1B2C3D4-0003-4E1A-9B1A-000000000003}.Release|Any CPU.ActiveCfg = Release|Any CPU
		{A1B2C3D4-0003-4E1A-9B1A-000000000003}.Release|Any CPU.Build.0 = Release|Any CPU
		{A1B2C3D4-0004-4E1A-9B1A-000000000004}.Debug|Any CPU.ActiveCfg = Debug|Any CPU
		{A1B2C3D4-0004-4E1A-9B1A-000000000004}.Debug|Any CPU.Build.0 = Debug|Any CPU
		{A1B2C3D4-0004-4E1A-9B1A-000000000004}.Release|Any CPU.ActiveCfg = Release|Any CPU
		{A1B2C3D4-0004-4E1A-9B1A-000000000004}.Release|Any CPU.Build.0 = Release|Any CPU
		{A1B2C3D4-0005-4E1A-9B1A-000000000005}.Debug|Any CPU.ActiveCfg = Debug|Any CPU
		{A1B2C3D4-0005-4E1A-9B1A-000000000005}.Debug|Any CPU.Build.0 = Debug|Any CPU
		{A1B2C3D4-0005-4E1A-9B1A-000000000005}.Release|Any CPU.ActiveCfg = Release|Any CPU
		{A1B2C3D4-0005-4E1A-9B1A-000000000005}.Release|Any CPU.Build.0 = Release|Any CPU
		{A1B2C3D4-0006-4E1A-9B1A-000000000006}.Debug|Any CPU.ActiveCfg = Debug|Any CPU
		{A1B2C3D4-0006-4E1A-9B1A-000000000006}.Debug|Any CPU.Build.0 = Debug|Any CPU
		{A1B2C3D4-0006-4E1A-9B1A-000000000006}.Release|Any CPU.ActiveCfg = Release|Any CPU
		{A1B2C3D4-0006-4E1A-9B1A-000000000006}.Release|Any CPU.Build.0 = Release|Any CPU
		{A1B2C3D4-0007-4E1A-9B1A-000000000007}.Debug|Any CPU.ActiveCfg = Debug|Any CPU
		{A1B2C3D4-0007-4E1A-9B1A-000000000007}.Debug|Any CPU.Build.0 = Debug|Any CPU
		{A1B2C3D4-0007-4E1A-9B1A-000000000007}.Release|Any CPU.ActiveCfg = Release|Any CPU
		{A1B2C3D4-0007-4E1A-9B1A-000000000007}.Release|Any CPU.Build.0 = Release|Any CPU
	EndGlobalSection
	GlobalSection(SolutionProperties) = preSolution
		HideSolutionNode = FALSE
	EndGlobalSection
EndGlobal
